
Microsoft Visual Studio Solution File, Format Version 12.00
# Visual Studio 15
VisualStudioVersion = 15.0.28010.2036
MinimumVisualStudioVersion = 10.0.40219.1
Project("{FAE04EC0-301F-11D3-BF4B-00C04F79EFBC}") = "RainbowSerialization", "src\RainbowSerialization.csproj", "{01F624CE-009C-4FEE-AE2E-A5453CBDD626}"
EndProject
Project("{FAE04EC0-301F-11D3-BF4B-00C04F79EFBC}") = "RainbowSerialization.Tests", "tests\RainbowSerialization.Tests.csproj", "{32EEC15A-E2BC-4869-A876-52B5864B4DEB}"
EndProject
Global
	GlobalSection(SolutionConfigurationPlatforms) = preSolution
		Debug|Any CPU = Debug|Any CPU
		Release|Any CPU = Release|Any CPU
	EndGlobalSection
	GlobalSection(ProjectConfigurationPlatforms) = postSolution
		{01F624CE-009C-4FEE-AE2E-A5453CBDD626}.Debug|Any CPU.ActiveCfg = Debug|Any CPU
		{01F624CE-009C-4FEE-AE2E-A5453CBDD626}.Debug|Any CPU.Build.0 = Debug|Any CPU
		{01F624CE-009C-4FEE-AE2E-A5453CBDD626}.Release|Any CPU.ActiveCfg = Release|Any CPU
		{01F624CE-009C-4FEE-AE2E-A5453CBDD626}.Release|Any CPU.Build.0 = Release|Any CPU
		{32EEC15A-E2BC-4869-A876-52B5864B4DEB}.Debug|Any CPU.ActiveCfg = Debug|Any CPU
		{32EEC15A-E2BC-4869-A876-52B5864B4DEB}.Debug|Any CPU.Build.0 = Debug|Any CPU
		{32EEC15A-E2BC-4869-A876-52B5864B4DEB}.Release|Any CPU.ActiveCfg = Release|Any CPU
		{32EEC15A-E2BC-4869-A876-52B5864B4DEB}.Release|Any CPU.Build.0 = Release|Any CPU
	EndGlobalSection
	GlobalSection(SolutionProperties) = preSolution
		HideSolutionNode = FALSE
	EndGlobalSection
	GlobalSection(ExtensibilityGlobals) = postSolution
		EnterpriseLibraryConfigurationToolBinariesPathV6 = packages\EnterpriseLibrary.Common.6.0.1304.0\lib\NET45;packages\EnterpriseLibrary.TransientFaultHandling.6.0.1304.0\lib\portable-net45+win+wp8;packages\EnterpriseLibrary.TransientFaultHandling.Caching.6.0.1304.0\lib\NET45;packages\EnterpriseLibrary.TransientFaultHandling.Data.6.0.1304.1\lib\NET45;packages\EnterpriseLibrary.TransientFaultHandling.ServiceBus.6.0.1304.0\lib\NET45;packages\EnterpriseLibrary.TransientFaultHandling.WindowsAzure.Storage.6.0.1304.0\lib\NET45;packages\EnterpriseLibrary.TransientFaultHandling.Configuration.6.0.1304.0\lib\NET45
		SolutionGuid = {80BF5B27-3176-4EFE-9045-F2567A52C78C}
	EndGlobalSection
EndGlobal
